{
  "version": 4,
  "terraform_version": "1.13.3",
  "serial": 26,
  "lineage": "b5203437-9d89-ca28-48d5-8ab1e2176b66",
  "outputs": {
    "task_definition_arn": {
      "value": "arn:aws:ecs:us-east-1:068571370361:task-definition/search-service:2",
      "type": "string"
    },
    "task_family": {
      "value": "search-service",
      "type": "string"
    }
  },
  "resources": [
    {
      "mode": "data",
      "type": "aws_iam_policy_document",
      "name": "ecs_trust",
      "provider": "provider[\"registry.terraform.io/hashicorp/aws\"]",
      "instances": [
        {
          "schema_version": 0,
          "attributes": {
            "id": "1077804475",
            "json": "{\n  \"Version\": \"2012-10-17\",\n  \"Statement\": [\n    {\n      \"Effect\": \"Allow\",\n      \"Action\": \"sts:AssumeRole\",\n      \"Principal\": {\n        \"Service\": \"ecs-tasks.amazonaws.com\"\n      }\n    }\n  ]\n}",
            "minified_json": "{\"Version\":\"2012-10-17\",\"Statement\":[{\"Effect\":\"Allow\",\"Action\":\"sts:AssumeRole\",\"Principal\":{\"Service\":\"ecs-tasks.amazonaws.com\"}}]}",
            "override_json": null,
            "override_policy_documents": null,
            "policy_id": null,
            "source_json": null,
            "source_policy_documents": null,
            "statement": [
              {
                "actions": [
                  "sts:AssumeRole"
                ],
                "condition": [],
                "effect": "Allow",
                "not_actions": [],
                "not_principals": [],
                "not_resources": [],
                "principals": [
                  {
                    "identifiers": [
                      "ecs-tasks.amazonaws.com"
                    ],
                    "type": "Service"
                  }
                ],
                "resources": [],
                "sid": ""
              }
            ],
            "version": "2012-10-17"
          },
          "sensitive_attributes": [],
          "identity_schema_version": 0
        }
      ]
    },
    {
      "mode": "data",
      "type": "aws_iam_policy_document",
      "name": "secrets_read",
      "provider": "provider[\"registry.terraform.io/hashicorp/aws\"]",
      "instances": [
        {
          "schema_version": 0,
          "attributes": {
            "id": "475665874",
            "json": "{\n  \"Version\": \"2012-10-17\",\n  \"Statement\": [\n    {\n      \"Effect\": \"Allow\",\n      \"Action\": \"secretsmanager:GetSecretValue\",\n      \"Resource\": \"arn:aws:secretsmanager:us-east-1:068571370361:secret:search-service-prod-W4wqgN\"\n    }\n  ]\n}",
            "minified_json": "{\"Version\":\"2012-10-17\",\"Statement\":[{\"Effect\":\"Allow\",\"Action\":\"secretsmanager:GetSecretValue\",\"Resource\":\"arn:aws:secretsmanager:us-east-1:068571370361:secret:search-service-prod-W4wqgN\"}]}",
            "override_json": null,
            "override_policy_documents": null,
            "policy_id": null,
            "source_json": null,
            "source_policy_documents": null,
            "statement": [
              {
                "actions": [
                  "secretsmanager:GetSecretValue"
                ],
                "condition": [],
                "effect": "Allow",
                "not_actions": [],
                "not_principals": [],
                "not_resources": [],
                "principals": [],
                "resources": [
                  "arn:aws:secretsmanager:us-east-1:068571370361:secret:search-service-prod-W4wqgN"
                ],
                "sid": ""
              }
            ],
            "version": "2012-10-17"
          },
          "sensitive_attributes": [],
          "identity_schema_version": 0
        }
      ]
    },
    {
      "mode": "managed",
      "type": "aws_cloudwatch_log_group",
      "name": "app",
      "provider": "provider[\"registry.terraform.io/hashicorp/aws\"]",
      "instances": [
        {
          "status": "tainted",
          "schema_version": 0,
          "attributes": {
            "arn": "arn:aws:logs:us-east-1:068571370361:log-group:/ecs/search-service",
            "id": "/ecs/search-service",
            "kms_key_id": "",
            "log_group_class": "STANDARD",
            "name": "/ecs/search-service",
            "name_prefix": "",
            "retention_in_days": 30,
            "skip_destroy": false,
            "tags": {},
            "tags_all": {}
          },
          "sensitive_attributes": [],
          "identity_schema_version": 0,
          "private": "bnVsbA=="
        }
      ]
    },
    {
      "mode": "managed",
      "type": "aws_ecs_task_definition",
      "name": "this",
      "provider": "provider[\"registry.terraform.io/hashicorp/aws\"]",
      "instances": [
        {
          "schema_version": 1,
          "attributes": {
            "arn": "arn:aws:ecs:us-east-1:068571370361:task-definition/search-service:2",
            "arn_without_revision": "arn:aws:ecs:us-east-1:068571370361:task-definition/search-service",
            "container_definitions": "[{\"environment\":[{\"name\":\"SPRING_PROFILES_ACTIVE\",\"value\":\"prod,enterprise\"}],\"essential\":true,\"healthCheck\":{\"command\":[\"CMD-SHELL\",\"curl -sf http://localhost:8080/actuator/health || exit 1\"],\"interval\":30,\"retries\":3,\"startPeriod\":60,\"timeout\":5},\"image\":\"068571370361.dkr.ecr.us-east-1.amazonaws.com/search-service:latest\",\"logConfiguration\":{\"logDriver\":\"awslogs\",\"options\":{\"awslogs-group\":\"/ecs/search-service\",\"awslogs-region\":\"us-east-1\",\"awslogs-stream-prefix\":\"ecs\"}},\"mountPoints\":[],\"name\":\"search-service\",\"portMappings\":[{\"containerPort\":8080,\"hostPort\":8080,\"protocol\":\"tcp\"}],\"secrets\":[{\"name\":\"DB_HOST\",\"valueFrom\":\"arn:aws:secretsmanager:us-east-1:068571370361:secret:search-service-prod-W4wqgN:DB_HOST::\"},{\"name\":\"DB_NAME\",\"valueFrom\":\"arn:aws:secretsmanager:us-east-1:068571370361:secret:search-service-prod-W4wqgN:DB_NAME::\"},{\"name\":\"DB_PASS\",\"valueFrom\":\"arn:aws:secretsmanager:us-east-1:068571370361:secret:search-service-prod-W4wqgN:DB_PASS::\"},{\"name\":\"DB_PORT\",\"valueFrom\":\"arn:aws:secretsmanager:us-east-1:068571370361:secret:search-service-prod-W4wqgN:DB_PORT::\"},{\"name\":\"DB_USER\",\"valueFrom\":\"arn:aws:secretsmanager:us-east-1:068571370361:secret:search-service-prod-W4wqgN:DB_USER::\"},{\"name\":\"JWK_SET_URI\",\"valueFrom\":\"arn:aws:secretsmanager:us-east-1:068571370361:secret:search-service-prod-W4wqgN:JWK_SET_URI::\"},{\"name\":\"JWT_ISSUER\",\"valueFrom\":\"arn:aws:secretsmanager:us-east-1:068571370361:secret:search-service-prod-W4wqgN:JWT_ISSUER::\"},{\"name\":\"OPENAI_API_KEY\",\"valueFrom\":\"arn:aws:secretsmanager:us-east-1:068571370361:secret:search-service-prod-W4wqgN:OPENAI_API_KEY::\"}],\"systemControls\":[],\"volumesFrom\":[]}]",
            "cpu": "512",
            "enable_fault_injection": false,
            "ephemeral_storage": [],
            "execution_role_arn": "arn:aws:iam::068571370361:role/ecsTaskExecutionRole",
            "family": "search-service",
            "id": "search-service",
            "inference_accelerator": [],
            "ipc_mode": "",
            "memory": "1024",
            "network_mode": "awsvpc",
            "pid_mode": "",
            "placement_constraints": [],
            "proxy_configuration": [],
            "requires_compatibilities": [
              "FARGATE"
            ],
            "revision": 2,
            "runtime_platform": [],
            "skip_destroy": false,
            "tags": {},
            "tags_all": {},
            "task_role_arn": "arn:aws:iam::068571370361:role/search-service-task-role",
            "track_latest": false,
            "volume": []
          },
          "sensitive_attributes": [],
          "identity_schema_version": 0,
          "private": "eyJzY2hlbWFfdmVyc2lvbiI6IjEifQ==",
          "dependencies": [
            "aws_iam_role.ecs_execution",
            "aws_iam_role.task_role",
            "data.aws_iam_policy_document.ecs_trust"
          ]
        }
      ]
    },
    {
      "mode": "managed",
      "type": "aws_iam_role",
      "name": "ecs_execution",
      "provider": "provider[\"registry.terraform.io/hashicorp/aws\"]",
      "instances": [
        {
          "schema_version": 0,
          "attributes": {
            "arn": "arn:aws:iam::068571370361:role/ecsTaskExecutionRole",
            "assume_role_policy": "{\"Statement\":[{\"Action\":\"sts:AssumeRole\",\"Effect\":\"Allow\",\"Principal\":{\"Service\":\"ecs-tasks.amazonaws.com\"}}],\"Version\":\"2012-10-17\"}",
            "create_date": "2025-10-07T06:49:13Z",
            "description": "",
            "force_detach_policies": false,
            "id": "ecsTaskExecutionRole",
            "inline_policy": [],
            "managed_policy_arns": [
              "arn:aws:iam::aws:policy/service-role/AmazonECSTaskExecutionRolePolicy"
            ],
            "max_session_duration": 3600,
            "name": "ecsTaskExecutionRole",
            "name_prefix": "",
            "path": "/",
            "permissions_boundary": "",
            "tags": {},
            "tags_all": {},
            "unique_id": "AROAQ75ZMCN4SPVRUSXUL"
          },
          "sensitive_attributes": [],
          "identity_schema_version": 0,
          "private": "bnVsbA==",
          "dependencies": [
            "data.aws_iam_policy_document.ecs_trust"
          ]
        }
      ]
    },
    {
      "mode": "managed",
      "type": "aws_iam_role",
      "name": "task_role",
      "provider": "provider[\"registry.terraform.io/hashicorp/aws\"]",
      "instances": [
        {
          "schema_version": 0,
          "attributes": {
            "arn": "arn:aws:iam::068571370361:role/search-service-task-role",
            "assume_role_policy": "{\"Statement\":[{\"Action\":\"sts:AssumeRole\",\"Effect\":\"Allow\",\"Principal\":{\"Service\":\"ecs-tasks.amazonaws.com\"}}],\"Version\":\"2012-10-17\"}",
            "create_date": "2025-10-07T06:49:13Z",
            "description": "",
            "force_detach_policies": false,
            "id": "search-service-task-role",
            "inline_policy": [
              {
                "name": "search-service-secrets-read",
                "policy": "{\"Version\":\"2012-10-17\",\"Statement\":[{\"Action\":\"secretsmanager:GetSecretValue\",\"Effect\":\"Allow\",\"Resource\":\"arn:aws:secretsmanager:us-east-1:068571370361:secret:search-service-prod-W4wqgN\"}]}"
              }
            ],
            "managed_policy_arns": [],
            "max_session_duration": 3600,
            "name": "search-service-task-role",
            "name_prefix": "",
            "path": "/",
            "permissions_boundary": "",
            "tags": {},
            "tags_all": {},
            "unique_id": "AROAQ75ZMCN45L7YKCR7B"
          },
          "sensitive_attributes": [],
          "identity_schema_version": 0,
          "private": "bnVsbA==",
          "dependencies": [
            "data.aws_iam_policy_document.ecs_trust"
          ]
        }
      ]
    },
    {
      "mode": "managed",
      "type": "aws_iam_role_policy",
      "name": "task_secrets_read",
      "provider": "provider[\"registry.terraform.io/hashicorp/aws\"]",
      "instances": [
        {
          "schema_version": 0,
          "attributes": {
            "id": "search-service-task-role:search-service-secrets-read",
            "name": "search-service-secrets-read",
            "name_prefix": "",
            "policy": "{\"Version\":\"2012-10-17\",\"Statement\":[{\"Action\":\"secretsmanager:GetSecretValue\",\"Effect\":\"Allow\",\"Resource\":\"arn:aws:secretsmanager:us-east-1:068571370361:secret:search-service-prod-W4wqgN\"}]}",
            "role": "search-service-task-role"
          },
          "sensitive_attributes": [],
          "identity_schema_version": 0,
          "private": "bnVsbA==",
          "dependencies": [
            "aws_iam_role.task_role",
            "data.aws_iam_policy_document.ecs_trust",
            "data.aws_iam_policy_document.secrets_read"
          ]
        }
      ]
    },
    {
      "mode": "managed",
      "type": "aws_iam_role_policy_attachment",
      "name": "ecs_exec_attach",
      "provider": "provider[\"registry.terraform.io/hashicorp/aws\"]",
      "instances": [
        {
          "schema_version": 0,
          "attributes": {
            "id": "ecsTaskExecutionRole-20251007064913555300000001",
            "policy_arn": "arn:aws:iam::aws:policy/service-role/AmazonECSTaskExecutionRolePolicy",
            "role": "ecsTaskExecutionRole"
          },
          "sensitive_attributes": [],
          "identity_schema_version": 0,
          "private": "bnVsbA==",
          "dependencies": [
            "aws_iam_role.ecs_execution",
            "data.aws_iam_policy_document.ecs_trust"
          ]
        }
      ]
    }
  ],
  "check_results": null
}
